
Microsoft Visual Studio Solution File, Format Version 12.00
# Visual Studio Version 18
VisualStudioVersion = 18.4.11626.88 stable
MinimumVisualStudioVersion = 10.0.40219.1
Project("{8BC9CEB8-8B4A-11D0-8D11-00A0C91BC942}") = "C-PlusPlus_DxLib_GameTemplate", "C-PlusPlus_DxLib_GameTemplate.vcxproj", "{DAA2194A-DA0D-27FD-533C-8B47B9FF50C0}"
EndProject
Global
	GlobalSection(SolutionConfigurationPlatforms) = preSolution
		Debug|x64 = Debug|x64
		Debug|x86 = Debug|x86
		Release|x64 = Release|x64
		Release|x86 = Release|x86
	EndGlobalSection
	GlobalSection(ProjectConfigurationPlatforms) = postSolution
		{DAA2194A-DA0D-27FD-533C-8B47B9FF50C0}.Debug|x64.ActiveCfg = Debug|x64
		{DAA2194A-DA0D-27FD-533C-8B47B9FF50C0}.Debug|x64.Build.0 = Debug|x64
		{DAA2194A-DA0D-27FD-533C-8B47B9FF50C0}.Debug|x86.ActiveCfg = Debug|Win32
		{DAA2194A-DA0D-27FD-533C-8B47B9FF50C0}.Debug|x86.Build.0 = Debug|Win32
		{DAA2194A-DA0D-27FD-533C-8B47B9FF50C0}.Release|x64.ActiveCfg = Release|x64
		{DAA2194A-DA0D-27FD-533C-8B47B9FF50C0}.Release|x64.Build.0 = Release|x64
		{DAA2194A-DA0D-27FD-533C-8B47B9FF50C0}.Release|x86.ActiveCfg = Release|Win32
		{DAA2194A-DA0D-27FD-533C-8B47B9FF50C0}.Release|x86.Build.0 = Release|Win32
	EndGlobalSection
	GlobalSection(SolutionProperties) = preSolution
		HideSolutionNode = FALSE
	EndGlobalSection
	GlobalSection(ExtensibilityGlobals) = postSolution
		SolutionGuid = {4672ABDA-A1D2-48EA-9DDE-FD7BF80C4727}
	EndGlobalSection
EndGlobal
